
Microsoft Visual Studio Solution File, Format Version 12.00
# Visual Studio Version 17
VisualStudioVersion = 17.3.32819.101
MinimumVisualStudioVersion = 10.0.40219.1
Project("{9A19103F-16F7-4668-BE54-9A1E7A4F7556}") = "CarsAutomation", "CarsAutomation.csproj", "{7896A8CB-45AF-4B5B-AE18-420CD7FEF57B}"
EndProject
Global
	GlobalSection(SolutionConfigurationPlatforms) = preSolution
		Debug|Any CPU = Debug|Any CPU
		Release|Any CPU = Release|Any CPU
	EndGlobalSection
	GlobalSection(ProjectConfigurationPlatforms) = postSolution
		{7896A8CB-45AF-4B5B-AE18-420CD7FEF57B}.Debug|Any CPU.ActiveCfg = Debug|Any CPU
		{7896A8CB-45AF-4B5B-AE18-420CD7FEF57B}.Debug|Any CPU.Build.0 = Debug|Any CPU
		{7896A8CB-45AF-4B5B-AE18-420CD7FEF57B}.Release|Any CPU.ActiveCfg = Release|Any CPU
		{7896A8CB-45AF-4B5B-AE18-420CD7FEF57B}.Release|Any CPU.Build.0 = Release|Any CPU
	EndGlobalSection
	GlobalSection(SolutionProperties) = preSolution
		HideSolutionNode = FALSE
	EndGlobalSection
	GlobalSection(ExtensibilityGlobals) = postSolution
		SolutionGuid = {8B8828C0-208C-46CB-A25F-6A54802E5E60}
	EndGlobalSection
EndGlobal
